
Microsoft Visual Studio Solution File, Format Version 12.00
# Visual Studio Version 16
VisualStudioVersion = 16.0.31019.35
MinimumVisualStudioVersion = 10.0.40219.1
Project("{FAE04EC0-301F-11D3-BF4B-00C04F79EFBC}") = "TelegramBot", "TelegramBot.csproj", "{C28BC728-0A37-4EF4-BA31-15EA151B51AB}"
EndProject
Global
	GlobalSection(SolutionConfigurationPlatforms) = preSolution
		Debug|Any CPU = Debug|Any CPU
		Release|Any CPU = Release|Any CPU
	EndGlobalSection
	GlobalSection(ProjectConfigurationPlatforms) = postSolution
		{C28BC728-0A37-4EF4-BA31-15EA151B51AB}.Debug|Any CPU.ActiveCfg = Debug|Any CPU
		{C28BC728-0A37-4EF4-BA31-15EA151B51AB}.Debug|Any CPU.Build.0 = Debug|Any CPU
		{C28BC728-0A37-4EF4-BA31-15EA151B51AB}.Release|Any CPU.ActiveCfg = Release|Any CPU
		{C28BC728-0A37-4EF4-BA31-15EA151B51AB}.Release|Any CPU.Build.0 = Release|Any CPU
	EndGlobalSection
	GlobalSection(SolutionProperties) = preSolution
		HideSolutionNode = FALSE
	EndGlobalSection
	GlobalSection(ExtensibilityGlobals) = postSolution
		SolutionGuid = {C7E827DA-A03B-4DF1-BCBF-267F1ABB72AE}
	EndGlobalSection
EndGlobal
